
Microsoft Visual Studio Solution File, Format Version 12.00
# Visual Studio Version 16
VisualStudioVersion = 16.0.29503.13
MinimumVisualStudioVersion = 10.0.40219.1
Project("{FAE04EC0-301F-11D3-BF4B-00C04F79EFBC}") = "DropDown", "DropDown.csproj", "{9DA5B724-DA6A-4E64-A8C8-F429C369AC53}"
EndProject
Global
	GlobalSection(SolutionConfigurationPlatforms) = preSolution
		Debug|Any CPU = Debug|Any CPU
		Release|Any CPU = Release|Any CPU
	EndGlobalSection
	GlobalSection(ProjectConfigurationPlatforms) = postSolution
		{9DA5B724-DA6A-4E64-A8C8-F429C369AC53}.Debug|Any CPU.ActiveCfg = Debug|Any CPU
		{9DA5B724-DA6A-4E64-A8C8-F429C369AC53}.Debug|Any CPU.Build.0 = Debug|Any CPU
		{9DA5B724-DA6A-4E64-A8C8-F429C369AC53}.Release|Any CPU.ActiveCfg = Release|Any CPU
		{9DA5B724-DA6A-4E64-A8C8-F429C369AC53}.Release|Any CPU.Build.0 = Release|Any CPU
	EndGlobalSection
	GlobalSection(SolutionProperties) = preSolution
		HideSolutionNode = FALSE
	EndGlobalSection
	GlobalSection(ExtensibilityGlobals) = postSolution
		SolutionGuid = {F45D7D75-A0DD-4678-A652-DF97F3F0F380}
	EndGlobalSection
EndGlobal
