
Microsoft Visual Studio Solution File, Format Version 12.00
# Visual Studio 15
VisualStudioVersion = 15.0.28307.705
MinimumVisualStudioVersion = 10.0.40219.1
Project("{FAE04EC0-301F-11D3-BF4B-00C04F79EFBC}") = "WebApplication1", "WebApplication1\WebApplication1.csproj", "{E9AA1701-4767-49A7-AE3C-F9AD86C563EA}"
EndProject
Global
	GlobalSection(SolutionConfigurationPlatforms) = preSolution
		Debug|Any CPU = Debug|Any CPU
		Release|Any CPU = Release|Any CPU
	EndGlobalSection
	GlobalSection(ProjectConfigurationPlatforms) = postSolution
		{E9AA1701-4767-49A7-AE3C-F9AD86C563EA}.Debug|Any CPU.ActiveCfg = Debug|Any CPU
		{E9AA1701-4767-49A7-AE3C-F9AD86C563EA}.Debug|Any CPU.Build.0 = Debug|Any CPU
		{E9AA1701-4767-49A7-AE3C-F9AD86C563EA}.Release|Any CPU.ActiveCfg = Release|Any CPU
		{E9AA1701-4767-49A7-AE3C-F9AD86C563EA}.Release|Any CPU.Build.0 = Release|Any CPU
	EndGlobalSection
	GlobalSection(SolutionProperties) = preSolution
		HideSolutionNode = FALSE
	EndGlobalSection
	GlobalSection(ExtensibilityGlobals) = postSolution
		SolutionGuid = {21784023-CBB4-4F5E-B474-967F7F2093C7}
	EndGlobalSection
EndGlobal
