
Microsoft Visual Studio Solution File, Format Version 12.00
# Visual Studio Version 16
VisualStudioVersion = 16.0.28803.352
MinimumVisualStudioVersion = 10.0.40219.1
Project("{FAE04EC0-301F-11D3-BF4B-00C04F79EFBC}") = "TreeViewEditing", "TreeViewEditing\TreeViewEditing.csproj", "{829D122E-3B47-4280-B38C-461D3FCBB623}"
EndProject
Global
	GlobalSection(SolutionConfigurationPlatforms) = preSolution
		Debug|Any CPU = Debug|Any CPU
		Release|Any CPU = Release|Any CPU
	EndGlobalSection
	GlobalSection(ProjectConfigurationPlatforms) = postSolution
		{829D122E-3B47-4280-B38C-461D3FCBB623}.Debug|Any CPU.ActiveCfg = Debug|Any CPU
		{829D122E-3B47-4280-B38C-461D3FCBB623}.Debug|Any CPU.Build.0 = Debug|Any CPU
		{829D122E-3B47-4280-B38C-461D3FCBB623}.Release|Any CPU.ActiveCfg = Release|Any CPU
		{829D122E-3B47-4280-B38C-461D3FCBB623}.Release|Any CPU.Build.0 = Release|Any CPU
	EndGlobalSection
	GlobalSection(SolutionProperties) = preSolution
		HideSolutionNode = FALSE
	EndGlobalSection
	GlobalSection(ExtensibilityGlobals) = postSolution
		SolutionGuid = {C7406158-A87A-4C01-BB73-778062F4EBF8}
	EndGlobalSection
EndGlobal
