
Microsoft Visual Studio Solution File, Format Version 12.00
# Visual Studio Version 16
VisualStudioVersion = 16.0.29505.145
MinimumVisualStudioVersion = 10.0.40219.1
Project("{FAE04EC0-301F-11D3-BF4B-00C04F79EFBC}") = "TreeviewFilter", "TreeviewFilter.csproj", "{915F6B3A-23DC-45A8-A205-BF62360E9C5A}"
EndProject
Global
	GlobalSection(SolutionConfigurationPlatforms) = preSolution
		Debug|Any CPU = Debug|Any CPU
		Release|Any CPU = Release|Any CPU
	EndGlobalSection
	GlobalSection(ProjectConfigurationPlatforms) = postSolution
		{915F6B3A-23DC-45A8-A205-BF62360E9C5A}.Debug|Any CPU.ActiveCfg = Debug|Any CPU
		{915F6B3A-23DC-45A8-A205-BF62360E9C5A}.Debug|Any CPU.Build.0 = Debug|Any CPU
		{915F6B3A-23DC-45A8-A205-BF62360E9C5A}.Release|Any CPU.ActiveCfg = Release|Any CPU
		{915F6B3A-23DC-45A8-A205-BF62360E9C5A}.Release|Any CPU.Build.0 = Release|Any CPU
	EndGlobalSection
	GlobalSection(SolutionProperties) = preSolution
		HideSolutionNode = FALSE
	EndGlobalSection
	GlobalSection(ExtensibilityGlobals) = postSolution
		SolutionGuid = {8524570E-D253-4991-A00C-6BCA914E21B7}
	EndGlobalSection
EndGlobal
