
Microsoft Visual Studio Solution File, Format Version 12.00
# Visual Studio 15
VisualStudioVersion = 15.0.28307.705
MinimumVisualStudioVersion = 10.0.40219.1
Project("{FAE04EC0-301F-11D3-BF4B-00C04F79EFBC}") = "Accrodion1", "Accrodion1\Accrodion1.csproj", "{8D286F57-638E-4605-9C8D-866D316DEFF6}"
EndProject
Global
	GlobalSection(SolutionConfigurationPlatforms) = preSolution
		Debug|Any CPU = Debug|Any CPU
		Release|Any CPU = Release|Any CPU
	EndGlobalSection
	GlobalSection(ProjectConfigurationPlatforms) = postSolution
		{8D286F57-638E-4605-9C8D-866D316DEFF6}.Debug|Any CPU.ActiveCfg = Debug|Any CPU
		{8D286F57-638E-4605-9C8D-866D316DEFF6}.Debug|Any CPU.Build.0 = Debug|Any CPU
		{8D286F57-638E-4605-9C8D-866D316DEFF6}.Release|Any CPU.ActiveCfg = Release|Any CPU
		{8D286F57-638E-4605-9C8D-866D316DEFF6}.Release|Any CPU.Build.0 = Release|Any CPU
	EndGlobalSection
	GlobalSection(SolutionProperties) = preSolution
		HideSolutionNode = FALSE
	EndGlobalSection
	GlobalSection(ExtensibilityGlobals) = postSolution
		SolutionGuid = {14CF6F05-503C-4BA6-B080-F7AD7EFB1D98}
	EndGlobalSection
EndGlobal
