
Microsoft Visual Studio Solution File, Format Version 12.00
# Visual Studio Version 16
VisualStudioVersion = 16.0.29503.13
MinimumVisualStudioVersion = 10.0.40219.1
Project("{FAE04EC0-301F-11D3-BF4B-00C04F79EFBC}") = "CoreApplication", "CoreApplication.csproj", "{BB5B7C7D-C0E1-4D43-AD16-C2F4DEE64A1D}"
EndProject
Global
	GlobalSection(SolutionConfigurationPlatforms) = preSolution
		Debug|Any CPU = Debug|Any CPU
		Release|Any CPU = Release|Any CPU
	EndGlobalSection
	GlobalSection(ProjectConfigurationPlatforms) = postSolution
		{BB5B7C7D-C0E1-4D43-AD16-C2F4DEE64A1D}.Debug|Any CPU.ActiveCfg = Debug|Any CPU
		{BB5B7C7D-C0E1-4D43-AD16-C2F4DEE64A1D}.Debug|Any CPU.Build.0 = Debug|Any CPU
		{BB5B7C7D-C0E1-4D43-AD16-C2F4DEE64A1D}.Release|Any CPU.ActiveCfg = Release|Any CPU
		{BB5B7C7D-C0E1-4D43-AD16-C2F4DEE64A1D}.Release|Any CPU.Build.0 = Release|Any CPU
	EndGlobalSection
	GlobalSection(SolutionProperties) = preSolution
		HideSolutionNode = FALSE
	EndGlobalSection
	GlobalSection(ExtensibilityGlobals) = postSolution
		SolutionGuid = {E4B60BB5-0DAE-4CDC-8538-9AF3CCA6046A}
	EndGlobalSection
EndGlobal
