
Microsoft Visual Studio Solution File, Format Version 12.00
# Visual Studio Version 16
VisualStudioVersion = 16.0.29503.13
MinimumVisualStudioVersion = 10.0.40219.1
Project("{FAE04EC0-301F-11D3-BF4B-00C04F79EFBC}") = "WebApplication2", "WebApplication2\WebApplication2.csproj", "{82446965-1524-4492-B082-98CBCF0E37C9}"
EndProject
Global
	GlobalSection(SolutionConfigurationPlatforms) = preSolution
		Debug|Any CPU = Debug|Any CPU
		Release|Any CPU = Release|Any CPU
	EndGlobalSection
	GlobalSection(ProjectConfigurationPlatforms) = postSolution
		{82446965-1524-4492-B082-98CBCF0E37C9}.Debug|Any CPU.ActiveCfg = Debug|Any CPU
		{82446965-1524-4492-B082-98CBCF0E37C9}.Debug|Any CPU.Build.0 = Debug|Any CPU
		{82446965-1524-4492-B082-98CBCF0E37C9}.Release|Any CPU.ActiveCfg = Release|Any CPU
		{82446965-1524-4492-B082-98CBCF0E37C9}.Release|Any CPU.Build.0 = Release|Any CPU
	EndGlobalSection
	GlobalSection(SolutionProperties) = preSolution
		HideSolutionNode = FALSE
	EndGlobalSection
	GlobalSection(ExtensibilityGlobals) = postSolution
		SolutionGuid = {9165E4AA-B096-4848-B4B8-38E9AC23BBE9}
	EndGlobalSection
EndGlobal
