
Microsoft Visual Studio Solution File, Format Version 12.00
# Visual Studio Version 16
VisualStudioVersion = 16.0.29503.13
MinimumVisualStudioVersion = 10.0.40219.1
Project("{FAE04EC0-301F-11D3-BF4B-00C04F79EFBC}") = "UploadBox_DragandDrop", "UploadBox_DragandDrop.csproj", "{DBF180EA-86B0-4F3A-BECF-C86945E7D663}"
EndProject
Global
	GlobalSection(SolutionConfigurationPlatforms) = preSolution
		Debug|Any CPU = Debug|Any CPU
		Release|Any CPU = Release|Any CPU
	EndGlobalSection
	GlobalSection(ProjectConfigurationPlatforms) = postSolution
		{DBF180EA-86B0-4F3A-BECF-C86945E7D663}.Debug|Any CPU.ActiveCfg = Debug|Any CPU
		{DBF180EA-86B0-4F3A-BECF-C86945E7D663}.Debug|Any CPU.Build.0 = Debug|Any CPU
		{DBF180EA-86B0-4F3A-BECF-C86945E7D663}.Release|Any CPU.ActiveCfg = Release|Any CPU
		{DBF180EA-86B0-4F3A-BECF-C86945E7D663}.Release|Any CPU.Build.0 = Release|Any CPU
	EndGlobalSection
	GlobalSection(SolutionProperties) = preSolution
		HideSolutionNode = FALSE
	EndGlobalSection
	GlobalSection(ExtensibilityGlobals) = postSolution
		SolutionGuid = {A22C6C27-2322-4F4F-AB06-D36ECF8923E4}
	EndGlobalSection
EndGlobal
