
Microsoft Visual Studio Solution File, Format Version 12.00
# Visual Studio Version 16
VisualStudioVersion = 16.0.30011.22
MinimumVisualStudioVersion = 10.0.40219.1
Project("{E24C65DC-7377-472B-9ABA-BC803B73C61A}") = "SFT", ".", "{690B1992-F7BC-4FC5-8C8F-0A6813AECA53}"
	ProjectSection(WebsiteProperties) = preProject
		TargetFrameworkMoniker = ".NETFramework,Version%3Dv4.5"
		Debug.AspNetCompiler.VirtualPath = "/localhost_7072"
		Debug.AspNetCompiler.PhysicalPath = "..\SFT\"
		Debug.AspNetCompiler.TargetPath = "PrecompiledWeb\localhost_7072\"
		Debug.AspNetCompiler.Updateable = "true"
		Debug.AspNetCompiler.ForceOverwrite = "true"
		Debug.AspNetCompiler.FixedNames = "false"
		Debug.AspNetCompiler.Debug = "True"
		Release.AspNetCompiler.VirtualPath = "/localhost_7072"
		Release.AspNetCompiler.PhysicalPath = "..\SFT\"
		Release.AspNetCompiler.TargetPath = "PrecompiledWeb\localhost_7072\"
		Release.AspNetCompiler.Updateable = "true"
		Release.AspNetCompiler.ForceOverwrite = "true"
		Release.AspNetCompiler.FixedNames = "false"
		Release.AspNetCompiler.Debug = "False"
		VWDPort = "7072"
		SlnRelativePath = "..\SFT\"
		DefaultWebSiteLanguage = "Visual C#"
	EndProjectSection
EndProject
Global
	GlobalSection(SolutionConfigurationPlatforms) = preSolution
		Debug|Any CPU = Debug|Any CPU
	EndGlobalSection
	GlobalSection(ProjectConfigurationPlatforms) = postSolution
		{690B1992-F7BC-4FC5-8C8F-0A6813AECA53}.Debug|Any CPU.ActiveCfg = Debug|Any CPU
		{690B1992-F7BC-4FC5-8C8F-0A6813AECA53}.Debug|Any CPU.Build.0 = Debug|Any CPU
	EndGlobalSection
	GlobalSection(SolutionProperties) = preSolution
		HideSolutionNode = FALSE
	EndGlobalSection
	GlobalSection(ExtensibilityGlobals) = postSolution
		SolutionGuid = {50145BEB-011E-43BD-BA96-07EB83B6913D}
	EndGlobalSection
EndGlobal
