
Microsoft Visual Studio Solution File, Format Version 12.00
# Visual Studio Version 16
VisualStudioVersion = 16.0.29519.161
MinimumVisualStudioVersion = 10.0.40219.1
Project("{FAE04EC0-301F-11D3-BF4B-00C04F79EFBC}") = "BlazorApp1", "BlazorApp1.csproj", "{76FAFEFC-FB29-4FC7-8583-C0CEC266DEDE}"
EndProject
Global
	GlobalSection(SolutionConfigurationPlatforms) = preSolution
		Debug|Any CPU = Debug|Any CPU
		Release|Any CPU = Release|Any CPU
	EndGlobalSection
	GlobalSection(ProjectConfigurationPlatforms) = postSolution
		{76FAFEFC-FB29-4FC7-8583-C0CEC266DEDE}.Debug|Any CPU.ActiveCfg = Debug|Any CPU
		{76FAFEFC-FB29-4FC7-8583-C0CEC266DEDE}.Debug|Any CPU.Build.0 = Debug|Any CPU
		{76FAFEFC-FB29-4FC7-8583-C0CEC266DEDE}.Release|Any CPU.ActiveCfg = Release|Any CPU
		{76FAFEFC-FB29-4FC7-8583-C0CEC266DEDE}.Release|Any CPU.Build.0 = Release|Any CPU
	EndGlobalSection
	GlobalSection(SolutionProperties) = preSolution
		HideSolutionNode = FALSE
	EndGlobalSection
	GlobalSection(ExtensibilityGlobals) = postSolution
		SolutionGuid = {542C26A8-52CF-446A-801E-9307E36F626F}
	EndGlobalSection
EndGlobal
