
Microsoft Visual Studio Solution File, Format Version 12.00
# Visual Studio 15
VisualStudioVersion = 15.0.28307.705
MinimumVisualStudioVersion = 10.0.40219.1
Project("{FAE04EC0-301F-11D3-BF4B-00C04F79EFBC}") = "DropDown_Text", "DropDown_Text\DropDown_Text.csproj", "{9B395C9F-85E2-46BE-B095-B0E31143888F}"
EndProject
Global
	GlobalSection(SolutionConfigurationPlatforms) = preSolution
		Debug|Any CPU = Debug|Any CPU
		Release|Any CPU = Release|Any CPU
	EndGlobalSection
	GlobalSection(ProjectConfigurationPlatforms) = postSolution
		{9B395C9F-85E2-46BE-B095-B0E31143888F}.Debug|Any CPU.ActiveCfg = Debug|Any CPU
		{9B395C9F-85E2-46BE-B095-B0E31143888F}.Debug|Any CPU.Build.0 = Debug|Any CPU
		{9B395C9F-85E2-46BE-B095-B0E31143888F}.Release|Any CPU.ActiveCfg = Release|Any CPU
		{9B395C9F-85E2-46BE-B095-B0E31143888F}.Release|Any CPU.Build.0 = Release|Any CPU
	EndGlobalSection
	GlobalSection(SolutionProperties) = preSolution
		HideSolutionNode = FALSE
	EndGlobalSection
	GlobalSection(ExtensibilityGlobals) = postSolution
		SolutionGuid = {82BB1C34-F411-4A43-BEDD-63C3B780CA2B}
	EndGlobalSection
EndGlobal
