
Microsoft Visual Studio Solution File, Format Version 12.00
# Visual Studio Version 16
VisualStudioVersion = 16.0.30114.105
MinimumVisualStudioVersion = 10.0.40219.1
Project("{FAE04EC0-301F-11D3-BF4B-00C04F79EFBC}") = "MenuPlusCSS", "MenuPlusCSS\MenuPlusCSS.csproj", "{99DD64BB-7828-49AC-A486-65466F09B9DB}"
EndProject
Global
	GlobalSection(SolutionConfigurationPlatforms) = preSolution
		Debug|Any CPU = Debug|Any CPU
		Release|Any CPU = Release|Any CPU
	EndGlobalSection
	GlobalSection(ProjectConfigurationPlatforms) = postSolution
		{99DD64BB-7828-49AC-A486-65466F09B9DB}.Debug|Any CPU.ActiveCfg = Debug|Any CPU
		{99DD64BB-7828-49AC-A486-65466F09B9DB}.Debug|Any CPU.Build.0 = Debug|Any CPU
		{99DD64BB-7828-49AC-A486-65466F09B9DB}.Release|Any CPU.ActiveCfg = Release|Any CPU
		{99DD64BB-7828-49AC-A486-65466F09B9DB}.Release|Any CPU.Build.0 = Release|Any CPU
	EndGlobalSection
	GlobalSection(SolutionProperties) = preSolution
		HideSolutionNode = FALSE
	EndGlobalSection
	GlobalSection(ExtensibilityGlobals) = postSolution
		SolutionGuid = {B27B20CC-6908-4197-8968-297858A8771D}
	EndGlobalSection
EndGlobal
