
Microsoft Visual Studio Solution File, Format Version 12.00
# Visual Studio Version 16
VisualStudioVersion = 16.0.29519.161
MinimumVisualStudioVersion = 10.0.40219.1
Project("{FAE04EC0-301F-11D3-BF4B-00C04F79EFBC}") = "TelerikWebApp1", "TelerikWebApp1.csproj", "{F8FB6767-9BD4-44FC-B54E-BAE59AEB95DE}"
EndProject
Global
	GlobalSection(SolutionConfigurationPlatforms) = preSolution
		Debug|Any CPU = Debug|Any CPU
		Release|Any CPU = Release|Any CPU
	EndGlobalSection
	GlobalSection(ProjectConfigurationPlatforms) = postSolution
		{F8FB6767-9BD4-44FC-B54E-BAE59AEB95DE}.Debug|Any CPU.ActiveCfg = Debug|Any CPU
		{F8FB6767-9BD4-44FC-B54E-BAE59AEB95DE}.Debug|Any CPU.Build.0 = Debug|Any CPU
		{F8FB6767-9BD4-44FC-B54E-BAE59AEB95DE}.Release|Any CPU.ActiveCfg = Release|Any CPU
		{F8FB6767-9BD4-44FC-B54E-BAE59AEB95DE}.Release|Any CPU.Build.0 = Release|Any CPU
	EndGlobalSection
	GlobalSection(SolutionProperties) = preSolution
		HideSolutionNode = FALSE
	EndGlobalSection
	GlobalSection(ExtensibilityGlobals) = postSolution
		SolutionGuid = {540095ED-11B7-4786-939D-2BC7BB7DF92F}
	EndGlobalSection
EndGlobal
