
Microsoft Visual Studio Solution File, Format Version 12.00
# Visual Studio Version 16
VisualStudioVersion = 16.0.29503.13
MinimumVisualStudioVersion = 10.0.40219.1
Project("{FAE04EC0-301F-11D3-BF4B-00C04F79EFBC}") = "WebApplication1", "WebApplication1.csproj", "{F4437D67-4FA2-4E7B-9CB6-ADE115CBB86E}"
EndProject
Global
	GlobalSection(SolutionConfigurationPlatforms) = preSolution
		Debug|Any CPU = Debug|Any CPU
		Release|Any CPU = Release|Any CPU
	EndGlobalSection
	GlobalSection(ProjectConfigurationPlatforms) = postSolution
		{F4437D67-4FA2-4E7B-9CB6-ADE115CBB86E}.Debug|Any CPU.ActiveCfg = Debug|Any CPU
		{F4437D67-4FA2-4E7B-9CB6-ADE115CBB86E}.Debug|Any CPU.Build.0 = Debug|Any CPU
		{F4437D67-4FA2-4E7B-9CB6-ADE115CBB86E}.Release|Any CPU.ActiveCfg = Release|Any CPU
		{F4437D67-4FA2-4E7B-9CB6-ADE115CBB86E}.Release|Any CPU.Build.0 = Release|Any CPU
	EndGlobalSection
	GlobalSection(SolutionProperties) = preSolution
		HideSolutionNode = FALSE
	EndGlobalSection
	GlobalSection(ExtensibilityGlobals) = postSolution
		SolutionGuid = {35B70261-E067-4C02-A864-284E6B32E834}
	EndGlobalSection
EndGlobal
