
Microsoft Visual Studio Solution File, Format Version 12.00
# Visual Studio Version 16
VisualStudioVersion = 16.0.29503.13
MinimumVisualStudioVersion = 10.0.40219.1
Project("{FAE04EC0-301F-11D3-BF4B-00C04F79EFBC}") = "DropDownList", "DropDownList.csproj", "{7FE799AB-0939-453C-9394-AC4A06B1B5A1}"
EndProject
Global
	GlobalSection(SolutionConfigurationPlatforms) = preSolution
		Debug|Any CPU = Debug|Any CPU
		Release|Any CPU = Release|Any CPU
	EndGlobalSection
	GlobalSection(ProjectConfigurationPlatforms) = postSolution
		{7FE799AB-0939-453C-9394-AC4A06B1B5A1}.Debug|Any CPU.ActiveCfg = Debug|Any CPU
		{7FE799AB-0939-453C-9394-AC4A06B1B5A1}.Debug|Any CPU.Build.0 = Debug|Any CPU
		{7FE799AB-0939-453C-9394-AC4A06B1B5A1}.Release|Any CPU.ActiveCfg = Release|Any CPU
		{7FE799AB-0939-453C-9394-AC4A06B1B5A1}.Release|Any CPU.Build.0 = Release|Any CPU
	EndGlobalSection
	GlobalSection(SolutionProperties) = preSolution
		HideSolutionNode = FALSE
	EndGlobalSection
	GlobalSection(ExtensibilityGlobals) = postSolution
		SolutionGuid = {AACAEEE4-EF66-4C75-856B-B2538E9ACAD2}
	EndGlobalSection
EndGlobal
