
Microsoft Visual Studio Solution File, Format Version 12.00
# Visual Studio Version 16
VisualStudioVersion = 16.0.29411.138
MinimumVisualStudioVersion = 10.0.40219.1
Project("{FAE04EC0-301F-11D3-BF4B-00C04F79EFBC}") = "TreeViewTemplate", "TreeViewTemplate\TreeViewTemplate.csproj", "{89B4A12C-F391-49E1-95E0-2C307111CFF4}"
EndProject
Global
	GlobalSection(SolutionConfigurationPlatforms) = preSolution
		Debug|Any CPU = Debug|Any CPU
		Release|Any CPU = Release|Any CPU
	EndGlobalSection
	GlobalSection(ProjectConfigurationPlatforms) = postSolution
		{89B4A12C-F391-49E1-95E0-2C307111CFF4}.Debug|Any CPU.ActiveCfg = Debug|Any CPU
		{89B4A12C-F391-49E1-95E0-2C307111CFF4}.Debug|Any CPU.Build.0 = Debug|Any CPU
		{89B4A12C-F391-49E1-95E0-2C307111CFF4}.Release|Any CPU.ActiveCfg = Release|Any CPU
		{89B4A12C-F391-49E1-95E0-2C307111CFF4}.Release|Any CPU.Build.0 = Release|Any CPU
	EndGlobalSection
	GlobalSection(SolutionProperties) = preSolution
		HideSolutionNode = FALSE
	EndGlobalSection
	GlobalSection(ExtensibilityGlobals) = postSolution
		SolutionGuid = {3A427A9F-D331-42AE-81EE-8B37C83E325A}
	EndGlobalSection
EndGlobal
