
Microsoft Visual Studio Solution File, Format Version 12.00
# Visual Studio Version 16
VisualStudioVersion = 16.0.29503.13
MinimumVisualStudioVersion = 10.0.40219.1
Project("{FAE04EC0-301F-11D3-BF4B-00C04F79EFBC}") = "DropDownList_Data", "DropDownList_Data.csproj", "{DB541000-C0F9-4489-840A-C1B9954EAB71}"
EndProject
Global
	GlobalSection(SolutionConfigurationPlatforms) = preSolution
		Debug|Any CPU = Debug|Any CPU
		Release|Any CPU = Release|Any CPU
	EndGlobalSection
	GlobalSection(ProjectConfigurationPlatforms) = postSolution
		{DB541000-C0F9-4489-840A-C1B9954EAB71}.Debug|Any CPU.ActiveCfg = Debug|Any CPU
		{DB541000-C0F9-4489-840A-C1B9954EAB71}.Debug|Any CPU.Build.0 = Debug|Any CPU
		{DB541000-C0F9-4489-840A-C1B9954EAB71}.Release|Any CPU.ActiveCfg = Release|Any CPU
		{DB541000-C0F9-4489-840A-C1B9954EAB71}.Release|Any CPU.Build.0 = Release|Any CPU
	EndGlobalSection
	GlobalSection(SolutionProperties) = preSolution
		HideSolutionNode = FALSE
	EndGlobalSection
	GlobalSection(ExtensibilityGlobals) = postSolution
		SolutionGuid = {25F4AF09-ED33-46DA-9A55-69A8B13B2BF5}
	EndGlobalSection
EndGlobal
