
Microsoft Visual Studio Solution File, Format Version 12.00
# Visual Studio 15
VisualStudioVersion = 15.0.28307.705
MinimumVisualStudioVersion = 10.0.40219.1
Project("{FAE04EC0-301F-11D3-BF4B-00C04F79EFBC}") = "WebApplication1", "WebApplication1\WebApplication1.csproj", "{679F6C68-DE73-4C3A-A73A-A807660E95BC}"
EndProject
Global
	GlobalSection(SolutionConfigurationPlatforms) = preSolution
		Debug|Any CPU = Debug|Any CPU
		Release|Any CPU = Release|Any CPU
	EndGlobalSection
	GlobalSection(ProjectConfigurationPlatforms) = postSolution
		{679F6C68-DE73-4C3A-A73A-A807660E95BC}.Debug|Any CPU.ActiveCfg = Debug|Any CPU
		{679F6C68-DE73-4C3A-A73A-A807660E95BC}.Debug|Any CPU.Build.0 = Debug|Any CPU
		{679F6C68-DE73-4C3A-A73A-A807660E95BC}.Release|Any CPU.ActiveCfg = Release|Any CPU
		{679F6C68-DE73-4C3A-A73A-A807660E95BC}.Release|Any CPU.Build.0 = Release|Any CPU
	EndGlobalSection
	GlobalSection(SolutionProperties) = preSolution
		HideSolutionNode = FALSE
	EndGlobalSection
	GlobalSection(ExtensibilityGlobals) = postSolution
		SolutionGuid = {E9F15071-DDC1-4B34-9DFA-540A6C995C84}
	EndGlobalSection
EndGlobal
