
Microsoft Visual Studio Solution File, Format Version 12.00
# Visual Studio Version 16
VisualStudioVersion = 16.0.29503.13
MinimumVisualStudioVersion = 10.0.40219.1
Project("{FAE04EC0-301F-11D3-BF4B-00C04F79EFBC}") = "DateTimepicker_AngularJs", "DateTimepicker_AngularJs.csproj", "{75DB106C-4F48-4A61-B369-87B544C8AC73}"
EndProject
Global
	GlobalSection(SolutionConfigurationPlatforms) = preSolution
		Debug|Any CPU = Debug|Any CPU
		Release|Any CPU = Release|Any CPU
	EndGlobalSection
	GlobalSection(ProjectConfigurationPlatforms) = postSolution
		{75DB106C-4F48-4A61-B369-87B544C8AC73}.Debug|Any CPU.ActiveCfg = Debug|Any CPU
		{75DB106C-4F48-4A61-B369-87B544C8AC73}.Debug|Any CPU.Build.0 = Debug|Any CPU
		{75DB106C-4F48-4A61-B369-87B544C8AC73}.Release|Any CPU.ActiveCfg = Release|Any CPU
		{75DB106C-4F48-4A61-B369-87B544C8AC73}.Release|Any CPU.Build.0 = Release|Any CPU
	EndGlobalSection
	GlobalSection(SolutionProperties) = preSolution
		HideSolutionNode = FALSE
	EndGlobalSection
	GlobalSection(ExtensibilityGlobals) = postSolution
		SolutionGuid = {009BCE8C-80B0-4603-AB6C-C0AAD9595573}
	EndGlobalSection
EndGlobal
