
Microsoft Visual Studio Solution File, Format Version 12.00
# Visual Studio Version 16
VisualStudioVersion = 16.0.29503.13
MinimumVisualStudioVersion = 10.0.40219.1
Project("{FAE04EC0-301F-11D3-BF4B-00C04F79EFBC}") = "WebApplication1", "WebApplication1.csproj", "{4A5DDECA-98A3-4D41-979C-81C43BD4C29B}"
EndProject
Global
	GlobalSection(SolutionConfigurationPlatforms) = preSolution
		Debug|Any CPU = Debug|Any CPU
		Debug-xml|Any CPU = Debug-xml|Any CPU
		Release|Any CPU = Release|Any CPU
		Release-xml|Any CPU = Release-xml|Any CPU
	EndGlobalSection
	GlobalSection(ProjectConfigurationPlatforms) = postSolution
		{4A5DDECA-98A3-4D41-979C-81C43BD4C29B}.Debug|Any CPU.ActiveCfg = Debug|Any CPU
		{4A5DDECA-98A3-4D41-979C-81C43BD4C29B}.Debug|Any CPU.Build.0 = Debug|Any CPU
		{4A5DDECA-98A3-4D41-979C-81C43BD4C29B}.Debug-xml|Any CPU.ActiveCfg = Debug|Any CPU
		{4A5DDECA-98A3-4D41-979C-81C43BD4C29B}.Debug-xml|Any CPU.Build.0 = Debug|Any CPU
		{4A5DDECA-98A3-4D41-979C-81C43BD4C29B}.Release|Any CPU.ActiveCfg = Release|Any CPU
		{4A5DDECA-98A3-4D41-979C-81C43BD4C29B}.Release|Any CPU.Build.0 = Release|Any CPU
		{4A5DDECA-98A3-4D41-979C-81C43BD4C29B}.Release-xml|Any CPU.ActiveCfg = Release|Any CPU
		{4A5DDECA-98A3-4D41-979C-81C43BD4C29B}.Release-xml|Any CPU.Build.0 = Release|Any CPU
	EndGlobalSection
	GlobalSection(SolutionProperties) = preSolution
		HideSolutionNode = FALSE
	EndGlobalSection
	GlobalSection(ExtensibilityGlobals) = postSolution
		SolutionGuid = {AA924808-FFDE-4DFF-89C6-BA3ED582A0BC}
	EndGlobalSection
EndGlobal
