
Microsoft Visual Studio Solution File, Format Version 12.00
# Visual Studio Version 16
VisualStudioVersion = 16.0.29519.87
MinimumVisualStudioVersion = 10.0.40219.1
Project("{FAE04EC0-301F-11D3-BF4B-00C04F79EFBC}") = "03022020_1", "03022020_1\03022020_1.csproj", "{85719C2F-FAD7-47CB-B6A4-1DA8C9B85EF4}"
EndProject
Global
	GlobalSection(SolutionConfigurationPlatforms) = preSolution
		Debug|Any CPU = Debug|Any CPU
		Release|Any CPU = Release|Any CPU
	EndGlobalSection
	GlobalSection(ProjectConfigurationPlatforms) = postSolution
		{85719C2F-FAD7-47CB-B6A4-1DA8C9B85EF4}.Debug|Any CPU.ActiveCfg = Debug|Any CPU
		{85719C2F-FAD7-47CB-B6A4-1DA8C9B85EF4}.Debug|Any CPU.Build.0 = Debug|Any CPU
		{85719C2F-FAD7-47CB-B6A4-1DA8C9B85EF4}.Release|Any CPU.ActiveCfg = Release|Any CPU
		{85719C2F-FAD7-47CB-B6A4-1DA8C9B85EF4}.Release|Any CPU.Build.0 = Release|Any CPU
	EndGlobalSection
	GlobalSection(SolutionProperties) = preSolution
		HideSolutionNode = FALSE
	EndGlobalSection
	GlobalSection(ExtensibilityGlobals) = postSolution
		SolutionGuid = {6EE3A14E-8DB4-4AFE-994D-23459CC69C22}
	EndGlobalSection
EndGlobal
