
Microsoft Visual Studio Solution File, Format Version 12.00
# Visual Studio 15
VisualStudioVersion = 15.0.28307.705
MinimumVisualStudioVersion = 10.0.40219.1
Project("{FAE04EC0-301F-11D3-BF4B-00C04F79EFBC}") = "WebApplicationCS", "WebApplicationCS\WebApplicationCS.csproj", "{D36BFC22-0002-419C-A4FD-DE1A7D372A49}"
EndProject
Global
	GlobalSection(SolutionConfigurationPlatforms) = preSolution
		Debug|Any CPU = Debug|Any CPU
		Release|Any CPU = Release|Any CPU
	EndGlobalSection
	GlobalSection(ProjectConfigurationPlatforms) = postSolution
		{D36BFC22-0002-419C-A4FD-DE1A7D372A49}.Debug|Any CPU.ActiveCfg = Debug|Any CPU
		{D36BFC22-0002-419C-A4FD-DE1A7D372A49}.Debug|Any CPU.Build.0 = Debug|Any CPU
		{D36BFC22-0002-419C-A4FD-DE1A7D372A49}.Release|Any CPU.ActiveCfg = Release|Any CPU
		{D36BFC22-0002-419C-A4FD-DE1A7D372A49}.Release|Any CPU.Build.0 = Release|Any CPU
	EndGlobalSection
	GlobalSection(SolutionProperties) = preSolution
		HideSolutionNode = FALSE
	EndGlobalSection
	GlobalSection(ExtensibilityGlobals) = postSolution
		SolutionGuid = {4E7BE420-7827-4D33-93A0-52C9A1C40FDF}
	EndGlobalSection
EndGlobal
