
Microsoft Visual Studio Solution File, Format Version 12.00
# Visual Studio 15
VisualStudioVersion = 15.0.28307.705
MinimumVisualStudioVersion = 10.0.40219.1
Project("{FAE04EC0-301F-11D3-BF4B-00C04F79EFBC}") = "RadioButtonFor", "RadioButtonFor\RadioButtonFor.csproj", "{B64B5ABB-F0F4-4361-8455-9970223E982E}"
EndProject
Global
	GlobalSection(SolutionConfigurationPlatforms) = preSolution
		Debug|Any CPU = Debug|Any CPU
		Release|Any CPU = Release|Any CPU
	EndGlobalSection
	GlobalSection(ProjectConfigurationPlatforms) = postSolution
		{B64B5ABB-F0F4-4361-8455-9970223E982E}.Debug|Any CPU.ActiveCfg = Debug|Any CPU
		{B64B5ABB-F0F4-4361-8455-9970223E982E}.Debug|Any CPU.Build.0 = Debug|Any CPU
		{B64B5ABB-F0F4-4361-8455-9970223E982E}.Release|Any CPU.ActiveCfg = Release|Any CPU
		{B64B5ABB-F0F4-4361-8455-9970223E982E}.Release|Any CPU.Build.0 = Release|Any CPU
	EndGlobalSection
	GlobalSection(SolutionProperties) = preSolution
		HideSolutionNode = FALSE
	EndGlobalSection
	GlobalSection(ExtensibilityGlobals) = postSolution
		SolutionGuid = {B06C5923-617A-4C02-886A-FCADA2C272BD}
	EndGlobalSection
EndGlobal
