
Microsoft Visual Studio Solution File, Format Version 12.00
# Visual Studio Version 16
VisualStudioVersion = 16.0.29503.13
MinimumVisualStudioVersion = 10.0.40219.1
Project("{FAE04EC0-301F-11D3-BF4B-00C04F79EFBC}") = "DatePicker_EndDate", "DatePicker_EndDate.csproj", "{BA05A68D-D2FD-4F68-8CCD-A6DC4BEC198B}"
EndProject
Global
	GlobalSection(SolutionConfigurationPlatforms) = preSolution
		Debug|Any CPU = Debug|Any CPU
		Release|Any CPU = Release|Any CPU
	EndGlobalSection
	GlobalSection(ProjectConfigurationPlatforms) = postSolution
		{BA05A68D-D2FD-4F68-8CCD-A6DC4BEC198B}.Debug|Any CPU.ActiveCfg = Debug|Any CPU
		{BA05A68D-D2FD-4F68-8CCD-A6DC4BEC198B}.Debug|Any CPU.Build.0 = Debug|Any CPU
		{BA05A68D-D2FD-4F68-8CCD-A6DC4BEC198B}.Release|Any CPU.ActiveCfg = Release|Any CPU
		{BA05A68D-D2FD-4F68-8CCD-A6DC4BEC198B}.Release|Any CPU.Build.0 = Release|Any CPU
	EndGlobalSection
	GlobalSection(SolutionProperties) = preSolution
		HideSolutionNode = FALSE
	EndGlobalSection
	GlobalSection(ExtensibilityGlobals) = postSolution
		SolutionGuid = {A823F10F-927A-4895-80B5-D2BFD6547BE4}
	EndGlobalSection
EndGlobal
