
Microsoft Visual Studio Solution File, Format Version 12.00
# Visual Studio Version 16
VisualStudioVersion = 16.0.29503.13
MinimumVisualStudioVersion = 10.0.40219.1
Project("{FAE04EC0-301F-11D3-BF4B-00C04F79EFBC}") = "Menu", "Menu.csproj", "{1E001E2D-41C4-47FF-808D-163A11742FBF}"
EndProject
Global
	GlobalSection(SolutionConfigurationPlatforms) = preSolution
		Debug|Any CPU = Debug|Any CPU
		Release|Any CPU = Release|Any CPU
	EndGlobalSection
	GlobalSection(ProjectConfigurationPlatforms) = postSolution
		{1E001E2D-41C4-47FF-808D-163A11742FBF}.Debug|Any CPU.ActiveCfg = Debug|Any CPU
		{1E001E2D-41C4-47FF-808D-163A11742FBF}.Debug|Any CPU.Build.0 = Debug|Any CPU
		{1E001E2D-41C4-47FF-808D-163A11742FBF}.Release|Any CPU.ActiveCfg = Release|Any CPU
		{1E001E2D-41C4-47FF-808D-163A11742FBF}.Release|Any CPU.Build.0 = Release|Any CPU
	EndGlobalSection
	GlobalSection(SolutionProperties) = preSolution
		HideSolutionNode = FALSE
	EndGlobalSection
	GlobalSection(ExtensibilityGlobals) = postSolution
		SolutionGuid = {0B59674D-DD56-47A2-ABB9-73DB558699F8}
	EndGlobalSection
EndGlobal
