
Microsoft Visual Studio Solution File, Format Version 12.00
# Visual Studio Version 16
VisualStudioVersion = 16.0.29503.13
MinimumVisualStudioVersion = 10.0.40219.1
Project("{FAE04EC0-301F-11D3-BF4B-00C04F79EFBC}") = "Entity", "Entity.csproj", "{E2511313-EAD1-4CE6-AE4E-3D96A7127296}"
EndProject
Global
	GlobalSection(SolutionConfigurationPlatforms) = preSolution
		Debug|Any CPU = Debug|Any CPU
		Release|Any CPU = Release|Any CPU
	EndGlobalSection
	GlobalSection(ProjectConfigurationPlatforms) = postSolution
		{E2511313-EAD1-4CE6-AE4E-3D96A7127296}.Debug|Any CPU.ActiveCfg = Debug|Any CPU
		{E2511313-EAD1-4CE6-AE4E-3D96A7127296}.Debug|Any CPU.Build.0 = Debug|Any CPU
		{E2511313-EAD1-4CE6-AE4E-3D96A7127296}.Release|Any CPU.ActiveCfg = Release|Any CPU
		{E2511313-EAD1-4CE6-AE4E-3D96A7127296}.Release|Any CPU.Build.0 = Release|Any CPU
	EndGlobalSection
	GlobalSection(SolutionProperties) = preSolution
		HideSolutionNode = FALSE
	EndGlobalSection
	GlobalSection(ExtensibilityGlobals) = postSolution
		SolutionGuid = {C35A77F1-B54D-4CF4-BB5A-C88BDEB1A7A1}
	EndGlobalSection
EndGlobal
